// !$*UTF8*$!
{
	archiveVersion = 1;
	classes = {
	};
	objectVersion = 55;
	objects = {

/* Begin PBXBuildFile section */
		1DE545433DE4BD37BA507384 /* Pods_Parstagram.framework in Frameworks */ = {isa = PBXBuildFile; fileRef = 9CFB44EF9E2A2AADCE89A56E /* Pods_Parstagram.framework */; };
		B77C333327CF245F00575FE2 /* LoginViewController.swift in Sources */ = {isa = PBXBuildFile; fileRef = B77C333227CF245F00575FE2 /* LoginViewController.swift */; };
		B77C333527CF247400575FE2 /* FeedViewController.swift in Sources */ = {isa = PBXBuildFile; fileRef = B77C333427CF247400575FE2 /* FeedViewController.swift */; };
		B77C333727CF309A00575FE2 /* CameraViewController.swift in Sources */ = {isa = PBXBuildFile; fileRef = B77C333627CF309A00575FE2 /* CameraViewController.swift */; };
		B77C333927CF3B1A00575FE2 /* PostCell.swift in Sources */ = {isa = PBXBuildFile; fileRef = B77C333827CF3B1A00575FE2 /* PostCell.swift */; };
		B7FB2B0027CF1688002C161F /* AppDelegate.swift in Sources */ = {isa = PBXBuildFile; fileRef = B7FB2AFF27CF1688002C161F /* AppDelegate.swift */; };
		B7FB2B0227CF1688002C161F /* SceneDelegate.swift in Sources */ = {isa = PBXBuildFile; fileRef = B7FB2B0127CF1688002C161F /* SceneDelegate.swift */; };
		B7FB2B0727CF1688002C161F /* Main.storyboard in Resources */ = {isa = PBXBuildFile; fileRef = B7FB2B0527CF1688002C161F /* Main.storyboard */; };
		B7FB2B0927CF1688002C161F /* Assets.xcassets in Resources */ = {isa = PBXBuildFile; fileRef = B7FB2B0827CF1688002C161F /* Assets.xcassets */; };
		B7FB2B0C27CF1688002C161F /* LaunchScreen.storyboard in Resources */ = {isa = PBXBuildFile; fileRef = B7FB2B0A27CF1688002C161F /* LaunchScreen.storyboard */; };
		B7FB2B1727CF1688002C161F /* ParstagramTests.swift in Sources */ = {isa = PBXBuildFile; fileRef = B7FB2B1627CF1688002C161F /* ParstagramTests.swift */; };
		B7FB2B2127CF1688002C161F /* ParstagramUITests.swift in Sources */ = {isa = PBXBuildFile; fileRef = B7FB2B2027CF1688002C161F /* ParstagramUITests.swift */; };
		B7FB2B2327CF1688002C161F /* ParstagramUITestsLaunchTests.swift in Sources */ = {isa = PBXBuildFile; fileRef = B7FB2B2227CF1688002C161F /* ParstagramUITestsLaunchTests.swift */; };
/* End PBXBuildFile section */

/* Begin PBXContainerItemProxy section */
		B7FB2B1327CF1688002C161F /* PBXContainerItemProxy */ = {
			isa = PBXContainerItemProxy;
			containerPortal = B7FB2AF427CF1687002C161F /* Project object */;
			proxyType = 1;
			remoteGlobalIDString = B7FB2AFB27CF1688002C161F;
			remoteInfo = Parstagram;
		};
		B7FB2B1D27CF1688002C161F /* PBXContainerItemProxy */ = {
			isa = PBXContainerItemProxy;
			containerPortal = B7FB2AF427CF1687002C161F /* Project object */;
			proxyType = 1;
			remoteGlobalIDString = B7FB2AFB27CF1688002C161F;
			remoteInfo = Parstagram;
		};
/* End PBXContainerItemProxy section */

/* Begin PBXFileReference section */
		3E75A958DAD8283620E472F0 /* Pods-Parstagram.debug.xcconfig */ = {isa = PBXFileReference; includeInIndex = 1; lastKnownFileType = text.xcconfig; name = "Pods-Parstagram.debug.xcconfig"; path = "Target Support Files/Pods-Parstagram/Pods-Parstagram.debug.xcconfig"; sourceTree = "<group>"; };
		9CFB44EF9E2A2AADCE89A56E /* Pods_Parstagram.framework */ = {isa = PBXFileReference; explicitFileType = wrapper.framework; includeInIndex = 0; path = Pods_Parstagram.framework; sourceTree = BUILT_PRODUCTS_DIR; };
		B77C333227CF245F00575FE2 /* LoginViewController.swift */ = {isa = PBXFileReference; lastKnownFileType = sourcecode.swift; path = LoginViewController.swift; sourceTree = "<group>"; };
		B77C333427CF247400575FE2 /* FeedViewController.swift */ = {isa = PBXFileReference; lastKnownFileType = sourcecode.swift; path = FeedViewController.swift; sourceTree = "<group>"; };
		B77C333627CF309A00575FE2 /* CameraViewController.swift */ = {isa = PBXFileReference; lastKnownFileType = sourcecode.swift; path = CameraViewController.swift; sourceTree = "<group>"; };
		B77C333827CF3B1A00575FE2 /* PostCell.swift */ = {isa = PBXFileReference; lastKnownFileType = sourcecode.swift; path = PostCell.swift; sourceTree = "<group>"; };
		B7FB2AFC27CF1688002C161F /* Parstagram.app */ = {isa = PBXFileReference; explicitFileType = wrapper.application; includeInIndex = 0; path = Parstagram.app; sourceTree = BUILT_PRODUCTS_DIR; };
		B7FB2AFF27CF1688002C161F /* AppDelegate.swift */ = {isa = PBXFileReference; lastKnownFileType = sourcecode.swift; path = AppDelegate.swift; sourceTree = "<group>"; };
		B7FB2B0127CF1688002C161F /* SceneDelegate.swift */ = {isa = PBXFileReference; lastKnownFileType = sourcecode.swift; path = SceneDelegate.swift; sourceTree = "<group>"; };
		B7FB2B0627CF1688002C161F /* Base */ = {isa = PBXFileReference; lastKnownFileType = file.storyboard; name = Base; path = Base.lproj/Main.storyboard; sourceTree = "<group>"; };
		B7FB2B0827CF1688002C161F /* Assets.xcassets */ = {isa = PBXFileReference; lastKnownFileType = folder.assetcatalog; path = Assets.xcassets; sourceTree = "<group>"; };
		B7FB2B0B27CF1688002C161F /* Base */ = {isa = PBXFileReference; lastKnownFileType = file.storyboard; name = Base; path = Base.lproj/LaunchScreen.storyboard; sourceTree = "<group>"; };
		B7FB2B0D27CF1688002C161F /* Info.plist */ = {isa = PBXFileReference; lastKnownFileType = text.plist.xml; path = Info.plist; sourceTree = "<group>"; };
		B7FB2B1227CF1688002C161F /* ParstagramTests.xctest */ = {isa = PBXFileReference; explicitFileType = wrapper.cfbundle; includeInIndex = 0; path = ParstagramTests.xctest; sourceTree = BUILT_PRODUCTS_DIR; };
		B7FB2B1627CF1688002C161F /* ParstagramTests.swift */ = {isa = PBXFileReference; lastKnownFileType = sourcecode.swift; path = ParstagramTests.swift; sourceTree = "<group>"; };
		B7FB2B1C27CF1688002C161F /* ParstagramUITests.xctest */ = {isa = PBXFileReference; explicitFileType = wrapper.cfbundle; includeInIndex = 0; path = ParstagramUITests.xctest; sourceTree = BUILT_PRODUCTS_DIR; };
		B7FB2B2027CF1688002C161F /* ParstagramUITests.swift */ = {isa = PBXFileReference; lastKnownFileType = sourcecode.swift; path = ParstagramUITests.swift; sourceTree = "<group>"; };
		B7FB2B2227CF1688002C161F /* ParstagramUITestsLaunchTests.swift */ = {isa = PBXFileReference; lastKnownFileType = sourcecode.swift; path = ParstagramUITestsLaunchTests.swift; sourceTree = "<group>"; };
		EFA9BE26FA3CB47FA8BE54F1 /* Pods-Parstagram.release.xcconfig */ = {isa = PBXFileReference; includeInIndex = 1; lastKnownFileType = text.xcconfig; name = "Pods-Parstagram.release.xcconfig"; path = "Target Support Files/Pods-Parstagram/Pods-Parstagram.release.xcconfig"; sourceTree = "<group>"; };
/* End PBXFileReference section */

/* Begin PBXFrameworksBuildPhase section */
		B7FB2AF927CF1688002C161F /* Frameworks */ = {
			isa = PBXFrameworksBuildPhase;
			buildActionMask = 2147483647;
			files = (
				1DE545433DE4BD37BA507384 /* Pods_Parstagram.framework in Frameworks */,
			);
			runOnlyForDeploymentPostprocessing = 0;
		};
		B7FB2B0F27CF1688002C161F /* Frameworks */ = {
			isa = PBXFrameworksBuildPhase;
			buildActionMask = 2147483647;
			files = (
			);
			runOnlyForDeploymentPostprocessing = 0;
		};
		B7FB2B1927CF1688002C161F /* Frameworks */ = {
			isa = PBXFrameworksBuildPhase;
			buildActionMask = 2147483647;
			files = (
			);
			runOnlyForDeploymentPostprocessing = 0;
		};
/* End PBXFrameworksBuildPhase section */

/* Begin PBXGroup section */
		40E31E2B7BE2EF7B9C7BB77A /* Frameworks */ = {
			isa = PBXGroup;
			children = (
				9CFB44EF9E2A2AADCE89A56E /* Pods_Parstagram.framework */,
			);
			name = Frameworks;
			sourceTree = "<group>";
		};
		8BD5D29ADCB6EF7593BA9B02 /* Pods */ = {
			isa = PBXGroup;
			children = (
				3E75A958DAD8283620E472F0 /* Pods-Parstagram.debug.xcconfig */,
				EFA9BE26FA3CB47FA8BE54F1 /* Pods-Parstagram.release.xcconfig */,
			);
			path = Pods;
			sourceTree = "<group>";
		};
		B7FB2AF327CF1687002C161F = {
			isa = PBXGroup;
			children = (
				B7FB2AFE27CF1688002C161F /* Parstagram */,
				B7FB2B1527CF1688002C161F /* ParstagramTests */,
				B7FB2B1F27CF1688002C161F /* ParstagramUITests */,
				B7FB2AFD27CF1688002C161F /* Products */,
				8BD5D29ADCB6EF7593BA9B02 /* Pods */,
				40E31E2B7BE2EF7B9C7BB77A /* Frameworks */,
			);
			sourceTree = "<group>";
		};
		B7FB2AFD27CF1688002C161F /* Products */ = {
			isa = PBXGroup;
			children = (
				B7FB2AFC27CF1688002C161F /* Parstagram.app */,
				B7FB2B1227CF1688002C161F /* ParstagramTests.xctest */,
				B7FB2B1C27CF1688002C161F /* ParstagramUITests.xctest */,
			);
			name = Products;
			sourceTree = "<group>";
		};
		B7FB2AFE27CF1688002C161F /* Parstagram */ = {
			isa = PBXGroup;
			children = (
				B7FB2AFF27CF1688002C161F /* AppDelegate.swift */,
				B7FB2B0127CF1688002C161F /* SceneDelegate.swift */,
				B7FB2B0527CF1688002C161F /* Main.storyboard */,
				B7FB2B0827CF1688002C161F /* Assets.xcassets */,
				B7FB2B0A27CF1688002C161F /* LaunchScreen.storyboard */,
				B7FB2B0D27CF1688002C161F /* Info.plist */,
				B77C333227CF245F00575FE2 /* LoginViewController.swift */,
				B77C333427CF247400575FE2 /* FeedViewController.swift */,
				B77C333627CF309A00575FE2 /* CameraViewController.swift */,
				B77C333827CF3B1A00575FE2 /* PostCell.swift */,
			);
			path = Parstagram;
			sourceTree = "<group>";
		};
		B7FB2B1527CF1688002C161F /* ParstagramTests */ = {
			isa = PBXGroup;
			children = (
				B7FB2B1627CF1688002C161F /* ParstagramTests.swift */,
			);
			path = ParstagramTests;
			sourceTree = "<group>";
		};
		B7FB2B1F27CF1688002C161F /* ParstagramUITests */ = {
			isa = PBXGroup;
			children = (
				B7FB2B2027CF1688002C161F /* ParstagramUITests.swift */,
				B7FB2B2227CF1688002C161F /* ParstagramUITestsLaunchTests.swift */,
			);
			path = ParstagramUITests;
			sourceTree = "<group>";
		};
/* End PBXGroup section */

/* Begin PBXNativeTarget section */
		B7FB2AFB27CF1688002C161F /* Parstagram */ = {
			isa = PBXNativeTarget;
			buildConfigurationList = B7FB2B2627CF1688002C161F /* Build configuration list for PBXNativeTarget "Parstagram" */;
			buildPhases = (
				A019E44EFB8A8942A019B7E6 /* [CP] Check Pods Manifest.lock */,
				B7FB2AF827CF1688002C161F /* Sources */,
				B7FB2AF927CF1688002C161F /* Frameworks */,
				B7FB2AFA27CF1688002C161F /* Resources */,
				3DEFAEB370409BFDCFF3CF7B /* [CP] Embed Pods Frameworks */,
			);
			buildRules = (
			);
			dependencies = (
			);
			name = Parstagram;
			productName = Parstagram;
			productReference = B7FB2AFC27CF1688002C161F /* Parstagram.app */;
			productType = "com.apple.product-type.application";
		};
		B7FB2B1127CF1688002C161F /* ParstagramTests */ = {
			isa = PBXNativeTarget;
			buildConfigurationList = B7FB2B2927CF1688002C161F /* Build configuration list for PBXNativeTarget "ParstagramTests" */;
			buildPhases = (
				B7FB2B0E27CF1688002C161F /* Sources */,
				B7FB2B0F27CF1688002C161F /* Frameworks */,
				B7FB2B1027CF1688002C161F /* Resources */,
			);
			buildRules = (
			);
			dependencies = (
				B7FB2B1427CF1688002C161F /* PBXTargetDependency */,
			);
			name = ParstagramTests;
			productName = ParstagramTests;
			productReference = B7FB2B1227CF1688002C161F /* ParstagramTests.xctest */;
			productType = "com.apple.product-type.bundle.unit-test";
		};
		B7FB2B1B27CF1688002C161F /* ParstagramUITests */ = {
			isa = PBXNativeTarget;
			buildConfigurationList = B7FB2B2C27CF1688002C161F /* Build configuration list for PBXNativeTarget "ParstagramUITests" */;
			buildPhases = (
				B7FB2B1827CF1688002C161F /* Sources */,
				B7FB2B1927CF1688002C161F /* Frameworks */,
				B7FB2B1A27CF1688002C161F /* Resources */,
			);
			buildRules = (
			);
			dependencies = (
				B7FB2B1E27CF1688002C161F /* PBXTargetDependency */,
			);
			name = ParstagramUITests;
			productName = ParstagramUITests;
			productReference = B7FB2B1C27CF1688002C161F /* ParstagramUITests.xctest */;
			productType = "com.apple.product-type.bundle.ui-testing";
		};
/* End PBXNativeTarget section */

/* Begin PBXProject section */
		B7FB2AF427CF1687002C161F /* Project object */ = {
			isa = PBXProject;
			attributes = {
				BuildIndependentTargetsInParallel = 1;
				LastSwiftUpdateCheck = 1320;
				LastUpgradeCheck = 1320;
				TargetAttributes = {
					B7FB2AFB27CF1688002C161F = {
						CreatedOnToolsVersion = 13.2.1;
					};
					B7FB2B1127CF1688002C161F = {
						CreatedOnToolsVersion = 13.2.1;
						TestTargetID = B7FB2AFB27CF1688002C161F;
					};
					B7FB2B1B27CF1688002C161F = {
						CreatedOnToolsVersion = 13.2.1;
						TestTargetID = B7FB2AFB27CF1688002C161F;
					};
				};
			};
			buildConfigurationList = B7FB2AF727CF1687002C161F /* Build configuration list for PBXProject "Parstagram" */;
			compatibilityVersion = "Xcode 13.0";
			developmentRegion = en;
			hasScannedForEncodings = 0;
			knownRegions = (
				en,
				Base,
			);
			mainGroup = B7FB2AF327CF1687002C161F;
			productRefGroup = B7FB2AFD27CF1688002C161F /* Products */;
			projectDirPath = "";
			projectRoot = "";
			targets = (
				B7FB2AFB27CF1688002C161F /* Parstagram */,
				B7FB2B1127CF1688002C161F /* ParstagramTests */,
				B7FB2B1B27CF1688002C161F /* ParstagramUITests */,
			);
		};
/* End PBXProject section */

/* Begin PBXResourcesBuildPhase section */
		B7FB2AFA27CF1688002C161F /* Resources */ = {
			isa = PBXResourcesBuildPhase;
			buildActionMask = 2147483647;
			files = (
				B7FB2B0C27CF1688002C161F /* LaunchScreen.storyboard in Resources */,
				B7FB2B0927CF1688002C161F /* Assets.xcassets in Resources */,
				B7FB2B0727CF1688002C161F /* Main.storyboard in Resources */,
			);
			runOnlyForDeploymentPostprocessing = 0;
		};
		B7FB2B1027CF1688002C161F /* Resources */ = {
			isa = PBXResourcesBuildPhase;
			buildActionMask = 2147483647;
			files = (
			);
			runOnlyForDeploymentPostprocessing = 0;
		};
		B7FB2B1A27CF1688002C161F /* Resources */ = {
			isa = PBXResourcesBuildPhase;
			buildActionMask = 2147483647;
			files = (
			);
			runOnlyForDeploymentPostprocessing = 0;
		};
/* End PBXResourcesBuildPhase section */

/* Begin PBXShellScriptBuildPhase section */
		3DEFAEB370409BFDCFF3CF7B /* [CP] Embed Pods Frameworks */ = {
			isa = PBXShellScriptBuildPhase;
			buildActionMask = 2147483647;
			files = (
			);
			inputFileListPaths = (
				"${PODS_ROOT}/Target Support Files/Pods-Parstagram/Pods-Parstagram-frameworks-${CONFIGURATION}-input-files.xcfilelist",
			);
			name = "[CP] Embed Pods Frameworks";
			outputFileListPaths = (
				"${PODS_ROOT}/Target Support Files/Pods-Parstagram/Pods-Parstagram-frameworks-${CONFIGURATION}-output-files.xcfilelist",
			);
			runOnlyForDeploymentPostprocessing = 0;
			shellPath = /bin/sh;
			shellScript = "\"${PODS_ROOT}/Target Support Files/Pods-Parstagram/Pods-Parstagram-frameworks.sh\"\n";
			showEnvVarsInLog = 0;
		};
		A019E44EFB8A8942A019B7E6 /* [CP] Check Pods Manifest.lock */ = {
			isa = PBXShellScriptBuildPhase;
			buildActionMask = 2147483647;
			files = (
			);
			inputFileListPaths = (
			);
			inputPaths = (
				"${PODS_PODFILE_DIR_PATH}/Podfile.lock",
				"${PODS_ROOT}/Manifest.lock",
			);
			name = "[CP] Check Pods Manifest.lock";
			outputFileListPaths = (
			);
			outputPaths = (
				"$(DERIVED_FILE_DIR)/Pods-Parstagram-checkManifestLockResult.txt",
			);
			runOnlyForDeploymentPostprocessing = 0;
			shellPath = /bin/sh;
			shellScript = "diff \"${PODS_PODFILE_DIR_PATH}/Podfile.lock\" \"${PODS_ROOT}/Manifest.lock\" > /dev/null\nif [ $? != 0 ] ; then\n    # print error to STDERR\n    echo \"error: The sandbox is not in sync with the Podfile.lock. Run 'pod install' or update your CocoaPods installation.\" >&2\n    exit 1\nfi\n# This output is used by Xcode 'outputs' to avoid re-running this script phase.\necho \"SUCCESS\" > \"${SCRIPT_OUTPUT_FILE_0}\"\n";
			showEnvVarsInLog = 0;
		};
/* End PBXShellScriptBuildPhase section */

/* Begin PBXSourcesBuildPhase section */
		B7FB2AF827CF1688002C161F /* Sources */ = {
			isa = PBXSourcesBuildPhase;
			buildActionMask = 2147483647;
			files = (
				B77C333327CF245F00575FE2 /* LoginViewController.swift in Sources */,
				B77C333727CF309A00575FE2 /* CameraViewController.swift in Sources */,
				B7FB2B0027CF1688002C161F /* AppDelegate.swift in Sources */,
				B77C333527CF247400575FE2 /* FeedViewController.swift in Sources */,
				B7FB2B0227CF1688002C161F /* SceneDelegate.swift in Sources */,
				B77C333927CF3B1A00575FE2 /* PostCell.swift in Sources */,
			);
			runOnlyForDeploymentPostprocessing = 0;
		};
		B7FB2B0E27CF1688002C161F /* Sources */ = {
			isa = PBXSourcesBuildPhase;
			buildActionMask = 2147483647;
			files = (
				B7FB2B1727CF1688002C161F /* ParstagramTests.swift in Sources */,
			);
			runOnlyForDeploymentPostprocessing = 0;
		};
		B7FB2B1827CF1688002C161F /* Sources */ = {
			isa = PBXSourcesBuildPhase;
			buildActionMask = 2147483647;
			files = (
				B7FB2B2327CF1688002C161F /* ParstagramUITestsLaunchTests.swift in Sources */,
				B7FB2B2127CF1688002C161F /* ParstagramUITests.swift in Sources */,
			);
			runOnlyForDeploymentPostprocessing = 0;
		};
/* End PBXSourcesBuildPhase section */

/* Begin PBXTargetDependency section */
		B7FB2B1427CF1688002C161F /* PBXTargetDependency */ = {
			isa = PBXTargetDependency;
			target = B7FB2AFB27CF1688002C161F /* Parstagram */;
			targetProxy = B7FB2B1327CF1688002C161F /* PBXContainerItemProxy */;
		};
		B7FB2B1E27CF1688002C161F /* PBXTargetDependency */ = {
			isa = PBXTargetDependency;
			target = B7FB2AFB27CF1688002C161F /* Parstagram */;
			targetProxy = B7FB2B1D27CF1688002C161F /* PBXContainerItemProxy */;
		};
/* End PBXTargetDependency section */

/* Begin PBXVariantGroup section */
		B7FB2B0527CF1688002C161F /* Main.storyboard */ = {
			isa = PBXVariantGroup;
			children = (
				B7FB2B0627CF1688002C161F /* Base */,
			);
			name = Main.storyboard;
			sourceTree = "<group>";
		};
		B7FB2B0A27CF1688002C161F /* LaunchScreen.storyboard */ = {
			isa = PBXVariantGroup;
			children = (
				B7FB2B0B27CF1688002C161F /* Base */,
			);
			name = LaunchScreen.storyboard;
			sourceTree = "<group>";
		};
/* End PBXVariantGroup section */

/* Begin XCBuildConfiguration section */
		B7FB2B2427CF1688002C161F /* Debug */ = {
			isa = XCBuildConfiguration;
			buildSettings = {
				ALWAYS_SEARCH_USER_PATHS = NO;
				CLANG_ANALYZER_NONNULL = YES;
				CLANG_ANALYZER_NUMBER_OBJECT_CONVERSION = YES_AGGRESSIVE;
				CLANG_CXX_LANGUAGE_STANDARD = "gnu++17";
				CLANG_CXX_LIBRARY = "libc++";
				CLANG_ENABLE_MODULES = YES;
				CLANG_ENABLE_OBJC_ARC = YES;
				CLANG_ENABLE_OBJC_WEAK = YES;
				CLANG_WARN_BLOCK_CAPTURE_AUTORELEASING = YES;
				CLANG_WARN_BOOL_CONVERSION = YES;
				CLANG_WARN_COMMA = YES;
				CLANG_WARN_CONSTANT_CONVERSION = YES;
				CLANG_WARN_DEPRECATED_OBJC_IMPLEMENTATIONS = YES;
				CLANG_WARN_DIRECT_OBJC_ISA_USAGE = YES_ERROR;
				CLANG_WARN_DOCUMENTATION_COMMENTS = YES;
				CLANG_WARN_EMPTY_BODY = YES;
				CLANG_WARN_ENUM_CONVERSION = YES;
				CLANG_WARN_INFINITE_RECURSION = YES;
				CLANG_WARN_INT_CONVERSION = YES;
				CLANG_WARN_NON_LITERAL_NULL_CONVERSION = YES;
				CLANG_WARN_OBJC_IMPLICIT_RETAIN_SELF = YES;
				CLANG_WARN_OBJC_LITERAL_CONVERSION = YES;
				CLANG_WARN_OBJC_ROOT_CLASS = YES_ERROR;
				CLANG_WARN_QUOTED_INCLUDE_IN_FRAMEWORK_HEADER = YES;
				CLANG_WARN_RANGE_LOOP_ANALYSIS = YES;
				CLANG_WARN_STRICT_PROTOTYPES = YES;
				CLANG_WARN_SUSPICIOUS_MOVE = YES;
				CLANG_WARN_UNGUARDED_AVAILABILITY = YES_AGGRESSIVE;
				CLANG_WARN_UNREACHABLE_CODE = YES;
				CLANG_WARN__DUPLICATE_METHOD_MATCH = YES;
				COPY_PHASE_STRIP = NO;
				DEBUG_INFORMATION_FORMAT = dwarf;
				ENABLE_STRICT_OBJC_MSGSEND = YES;
				ENABLE_TESTABILITY = YES;
				GCC_C_LANGUAGE_STANDARD = gnu11;
				GCC_DYNAMIC_NO_PIC = NO;
				GCC_NO_COMMON_BLOCKS = YES;
				GCC_OPTIMIZATION_LEVEL = 0;
				GCC_PREPROCESSOR_DEFINITIONS = (
					"DEBUG=1",
					"$(inherited)",
				);
				GCC_WARN_64_TO_32_BIT_CONVERSION = YES;
				GCC_WARN_ABOUT_RETURN_TYPE = YES_ERROR;
				GCC_WARN_UNDECLARED_SELECTOR = YES;
				GCC_WARN_UNINITIALIZED_AUTOS = YES_AGGRESSIVE;
				GCC_WARN_UNUSED_FUNCTION = YES;
				GCC_WARN_UNUSED_VARIABLE = YES;
				IPHONEOS_DEPLOYMENT_TARGET = 15.2;
				MTL_ENABLE_DEBUG_INFO = INCLUDE_SOURCE;
				MTL_FAST_MATH = YES;
				ONLY_ACTIVE_ARCH = YES;
				SDKROOT = iphoneos;
				SWIFT_ACTIVE_COMPILATION_CONDITIONS = DEBUG;
				SWIFT_OPTIMIZATION_LEVEL = "-Onone";
			};
			name = Debug;
		};
		B7FB2B2527CF1688002C161F /* Release */ = {
			isa = XCBuildConfiguration;
			buildSettings = {
				ALWAYS_SEARCH_USER_PATHS = NO;
				CLANG_ANALYZER_NONNULL = YES;
				CLANG_ANALYZER_NUMBER_OBJECT_CONVERSION = YES_AGGRESSIVE;
				CLANG_CXX_LANGUAGE_STANDARD = "gnu++17";
				CLANG_CXX_LIBRARY = "libc++";
				CLANG_ENABLE_MODULES = YES;
				CLANG_ENABLE_OBJC_ARC = YES;
				CLANG_ENABLE_OBJC_WEAK = YES;
				CLANG_WARN_BLOCK_CAPTURE_AUTORELEASING = YES;
				CLANG_WARN_BOOL_CONVERSION = YES;
				CLANG_WARN_COMMA = YES;
				CLANG_WARN_CONSTANT_CONVERSION = YES;
				CLANG_WARN_DEPRECATED_OBJC_IMPLEMENTATIONS = YES;
				CLANG_WARN_DIRECT_OBJC_ISA_USAGE = YES_ERROR;
				CLANG_WARN_DOCUMENTATION_COMMENTS = YES;
				CLANG_WARN_EMPTY_BODY = YES;
				CLANG_WARN_ENUM_CONVERSION = YES;
				CLANG_WARN_INFINITE_RECURSION = YES;
				CLANG_WARN_INT_CONVERSION = YES;
				CLANG_WARN_NON_LITERAL_NULL_CONVERSION = YES;
				CLANG_WARN_OBJC_IMPLICIT_RETAIN_SELF = YES;
				CLANG_WARN_OBJC_LITERAL_CONVERSION = YES;
				CLANG_WARN_OBJC_ROOT_CLASS = YES_ERROR;
				CLANG_WARN_QUOTED_INCLUDE_IN_FRAMEWORK_HEADER = YES;
				CLANG_WARN_RANGE_LOOP_ANALYSIS = YES;
				CLANG_WARN_STRICT_PROTOTYPES = YES;
				CLANG_WARN_SUSPICIOUS_MOVE = YES;
				CLANG_WARN_UNGUARDED_AVAILABILITY = YES_AGGRESSIVE;
				CLANG_WARN_UNREACHABLE_CODE = YES;
				CLANG_WARN__DUPLICATE_METHOD_MATCH = YES;
				COPY_PHASE_STRIP = NO;
				DEBUG_INFORMATION_FORMAT = "dwarf-with-dsym";
				ENABLE_NS_ASSERTIONS = NO;
				ENABLE_STRICT_OBJC_MSGSEND = YES;
				GCC_C_LANGUAGE_STANDARD = gnu11;
				GCC_NO_COMMON_BLOCKS = YES;
				GCC_WARN_64_TO_32_BIT_CONVERSION = YES;
				GCC_WARN_ABOUT_RETURN_TYPE = YES_ERROR;
				GCC_WARN_UNDECLARED_SELECTOR = YES;
				GCC_WARN_UNINITIALIZED_AUTOS = YES_AGGRESSIVE;
				GCC_WARN_UNUSED_FUNCTION = YES;
				GCC_WARN_UNUSED_VARIABLE = YES;
				IPHONEOS_DEPLOYMENT_TARGET = 15.2;
				MTL_ENABLE_DEBUG_INFO = NO;
				MTL_FAST_MATH = YES;
				SDKROOT = iphoneos;
				SWIFT_COMPILATION_MODE = wholemodule;
				SWIFT_OPTIMIZATION_LEVEL = "-O";
				VALIDATE_PRODUCT = YES;
			};
			name = Release;
		};
		B7FB2B2727CF1688002C161F /* Debug */ = {
			isa = XCBuildConfiguration;
			baseConfigurationReference = 3E75A958DAD8283620E472F0 /* Pods-Parstagram.debug.xcconfig */;
			buildSettings = {
				ASSETCATALOG_COMPILER_APPICON_NAME = AppIcon;
				ASSETCATALOG_COMPILER_GLOBAL_ACCENT_COLOR_NAME = AccentColor;
				CODE_SIGN_STYLE = Automatic;
				CURRENT_PROJECT_VERSION = 1;
				DEVELOPMENT_TEAM = T77N2ZWV7Z;
				GENERATE_INFOPLIST_FILE = YES;
				INFOPLIST_FILE = Parstagram/Info.plist;
				INFOPLIST_KEY_CFBundleDisplayName = Parstagram;
				INFOPLIST_KEY_UIApplicationSupportsIndirectInputEvents = YES;
				INFOPLIST_KEY_UILaunchStoryboardName = LaunchScreen;
				INFOPLIST_KEY_UIMainStoryboardFile = Main;
				INFOPLIST_KEY_UISupportedInterfaceOrientations_iPad = "UIInterfaceOrientationPortrait UIInterfaceOrientationPortraitUpsideDown UIInterfaceOrientationLandscapeLeft UIInterfaceOrientationLandscapeRight";
				INFOPLIST_KEY_UISupportedInterfaceOrientations_iPhone = "UIInterfaceOrientationPortrait UIInterfaceOrientationLandscapeLeft UIInterfaceOrientationLandscapeRight";
				LD_RUNPATH_SEARCH_PATHS = (
					"$(inherited)",
					"@executable_path/Frameworks",
				);
				MARKETING_VERSION = 1.0;
				PRODUCT_BUNDLE_IDENTIFIER = JhonatanPerez.Parstagram;
				PRODUCT_NAME = "$(TARGET_NAME)";
				SWIFT_EMIT_LOC_STRINGS = YES;
				SWIFT_VERSION = 5.0;
				TARGETED_DEVICE_FAMILY = "1,2";
			};
			name = Debug;
		};
		B7FB2B2827CF1688002C161F /* Release */ = {
			isa = XCBuildConfiguration;
			baseConfigurationReference = EFA9BE26FA3CB47FA8BE54F1 /* Pods-Parstagram.release.xcconfig */;
			buildSettings = {
				ASSETCATALOG_COMPILER_APPICON_NAME = AppIcon;
				ASSETCATALOG_COMPILER_GLOBAL_ACCENT_COLOR_NAME = AccentColor;
				CODE_SIGN_STYLE = Automatic;
				CURRENT_PROJECT_VERSION = 1;
				DEVELOPMENT_TEAM = T77N2ZWV7Z;
				GENERATE_INFOPLIST_FILE = YES;
				INFOPLIST_FILE = Parstagram/Info.plist;
				INFOPLIST_KEY_CFBundleDisplayName = Parstagram;
				INFOPLIST_KEY_UIApplicationSupportsIndirectInputEvents = YES;
				INFOPLIST_KEY_UILaunchStoryboardName = LaunchScreen;
				INFOPLIST_KEY_UIMainStoryboardFile = Main;
				INFOPLIST_KEY_UISupportedInterfaceOrientations_iPad = "UIInterfaceOrientationPortrait UIInterfaceOrientationPortraitUpsideDown UIInterfaceOrientationLandscapeLeft UIInterfaceOrientationLandscapeRight";
				INFOPLIST_KEY_UISupportedInterfaceOrientations_iPhone = "UIInterfaceOrientationPortrait UIInterfaceOrientationLandscapeLeft UIInterfaceOrientationLandscapeRight";
				LD_RUNPATH_SEARCH_PATHS = (
					"$(inherited)",
					"@executable_path/Frameworks",
				);
				MARKETING_VERSION = 1.0;
				PRODUCT_BUNDLE_IDENTIFIER = JhonatanPerez.Parstagram;
				PRODUCT_NAME = "$(TARGET_NAME)";
				SWIFT_EMIT_LOC_STRINGS = YES;
				SWIFT_VERSION = 5.0;
				TARGETED_DEVICE_FAMILY = "1,2";
			};
			name = Release;
		};
		B7FB2B2A27CF1688002C161F /* Debug */ = {
			isa = XCBuildConfiguration;
			buildSettings = {
				ALWAYS_EMBED_SWIFT_STANDARD_LIBRARIES = YES;
				BUNDLE_LOADER = "$(TEST_HOST)";
				CODE_SIGN_STYLE = Automatic;
				CURRENT_PROJECT_VERSION = 1;
				DEVELOPMENT_TEAM = T77N2ZWV7Z;
				GENERATE_INFOPLIST_FILE = YES;
				IPHONEOS_DEPLOYMENT_TARGET = 15.2;
				MARKETING_VERSION = 1.0;
				PRODUCT_BUNDLE_IDENTIFIER = JhonatanPerez.ParstagramTests;
				PRODUCT_NAME = "$(TARGET_NAME)";
				SWIFT_EMIT_LOC_STRINGS = NO;
				SWIFT_VERSION = 5.0;
				TARGETED_DEVICE_FAMILY = "1,2";
				TEST_HOST = "$(BUILT_PRODUCTS_DIR)/Parstagram.app/Parstagram";
			};
			name = Debug;
		};
		B7FB2B2B27CF1688002C161F /* Release */ = {
			isa = XCBuildConfiguration;
			buildSettings = {
				ALWAYS_EMBED_SWIFT_STANDARD_LIBRARIES = YES;
				BUNDLE_LOADER = "$(TEST_HOST)";
				CODE_SIGN_STYLE = Automatic;
				CURRENT_PROJECT_VERSION = 1;
				DEVELOPMENT_TEAM = T77N2ZWV7Z;
				GENERATE_INFOPLIST_FILE = YES;
				IPHONEOS_DEPLOYMENT_TARGET = 15.2;
				MARKETING_VERSION = 1.0;
				PRODUCT_BUNDLE_IDENTIFIER = JhonatanPerez.ParstagramTests;
				PRODUCT_NAME = "$(TARGET_NAME)";
				SWIFT_EMIT_LOC_STRINGS = NO;
				SWIFT_VERSION = 5.0;
				TARGETED_DEVICE_FAMILY = "1,2";
				TEST_HOST = "$(BUILT_PRODUCTS_DIR)/Parstagram.app/Parstagram";
			};
			name = Release;
		};
		B7FB2B2D27CF1688002C161F /* Debug */ = {
			isa = XCBuildConfiguration;
			buildSettings = {
				ALWAYS_EMBED_SWIFT_STANDARD_LIBRARIES = YES;
				CODE_SIGN_STYLE = Automatic;
				CURRENT_PROJECT_VERSION = 1;
				DEVELOPMENT_TEAM = T77N2ZWV7Z;
				GENERATE_INFOPLIST_FILE = YES;
				MARKETING_VERSION = 1.0;
				PRODUCT_BUNDLE_IDENTIFIER = JhonatanPerez.ParstagramUITests;
				PRODUCT_NAME = "$(TARGET_NAME)";
				SWIFT_EMIT_LOC_STRINGS = NO;
				SWIFT_VERSION = 5.0;
				TARGETED_DEVICE_FAMILY = "1,2";
				TEST_TARGET_NAME = Parstagram;
			};
			name = Debug;
		};
		B7FB2B2E27CF1688002C161F /* Release */ = {
			isa = XCBuildConfiguration;
			buildSettings = {
				ALWAYS_EMBED_SWIFT_STANDARD_LIBRARIES = YES;
				CODE_SIGN_STYLE = Automatic;
				CURRENT_PROJECT_VERSION = 1;
				DEVELOPMENT_TEAM = T77N2ZWV7Z;
				GENERATE_INFOPLIST_FILE = YES;
				MARKETING_VERSION = 1.0;
				PRODUCT_BUNDLE_IDENTIFIER = JhonatanPerez.ParstagramUITests;
				PRODUCT_NAME = "$(TARGET_NAME)";
				SWIFT_EMIT_LOC_STRINGS = NO;
				SWIFT_VERSION = 5.0;
				TARGETED_DEVICE_FAMILY = "1,2";
				TEST_TARGET_NAME = Parstagram;
			};
			name = Release;
		};
/* End XCBuildConfiguration section */

/* Begin XCConfigurationList section */
		B7FB2AF727CF1687002C161F /* Build configuration list for PBXProject "Parstagram" */ = {
			isa = XCConfigurationList;
			buildConfigurations = (
				B7FB2B2427CF1688002C161F /* Debug */,
				B7FB2B2527CF1688002C161F /* Release */,
			);
			defaultConfigurationIsVisible = 0;
			defaultConfigurationName = Release;
		};
		B7FB2B2627CF1688002C161F /* Build configuration list for PBXNativeTarget "Parstagram" */ = {
			isa = XCConfigurationList;
			buildConfigurations = (
				B7FB2B2727CF1688002C161F /* Debug */,
				B7FB2B2827CF1688002C161F /* Release */,
			);
			defaultConfigurationIsVisible = 0;
			defaultConfigurationName = Release;
		};
		B7FB2B2927CF1688002C161F /* Build configuration list for PBXNativeTarget "ParstagramTests" */ = {
			isa = XCConfigurationList;
			buildConfigurations = (
				B7FB2B2A27CF1688002C161F /* Debug */,
				B7FB2B2B27CF1688002C161F /* Release */,
			);
			defaultConfigurationIsVisible = 0;
			defaultConfigurationName = Release;
		};
		B7FB2B2C27CF1688002C161F /* Build configuration list for PBXNativeTarget "ParstagramUITests" */ = {
			isa = XCConfigurationList;
			buildConfigurations = (
				B7FB2B2D27CF1688002C161F /* Debug */,
				B7FB2B2E27CF1688002C161F /* Release */,
			);
			defaultConfigurationIsVisible = 0;
			defaultConfigurationName = Release;
		};
/* End XCConfigurationList section */
	};
	rootObject = B7FB2AF427CF1687002C161F /* Project object */;
}
